Running plan in HCP Terraform. Output will stream here. Pressing Ctrl-C
will stop streaming the logs, but will not stop the plan running remotely.

Preparing the remote plan...

To view this run in a browser, visit:
https://app.terraform.io/app/SoatElevenFiapDhyogo/SoatElevenFiap/runs/run-CApV1o3DNmeMG9Sj

Waiting for the plan to start...

Terraform v1.12.2
on linux_amd64
Initializing plugins and modules...
data.terraform_remote_state.database: Refreshing...
data.terraform_remote_state.database: Refresh complete after 1s
azurerm_resource_group.rg-postech: Refreshing state... [id=/subscriptions/de09fe8d-d980-46eb-9e6c-b3b9332b4824/resourceGroups/rg-fastfood-postech]
module.auth_function.azurerm_user_assigned_identity.func_identity: Refreshing state... [id=/subscriptions/de09fe8d-d980-46eb-9e6c-b3b9332b4824/resourceGroups/rg-fastfood-postech/providers/Microsoft.ManagedIdentity/userAssignedIdentities/func-identity]
module.auth_function.azurerm_service_plan.fastfood_service_plan: Refreshing state... [id=/subscriptions/de09fe8d-d980-46eb-9e6c-b3b9332b4824/resourceGroups/rg-fastfood-postech/providers/Microsoft.Web/serverFarms/fastfood-app-service-plan]
module.acr.azurerm_container_registry.main: Refreshing state... [id=/subscriptions/de09fe8d-d980-46eb-9e6c-b3b9332b4824/resourceGroups/rg-fastfood-postech/providers/Microsoft.ContainerRegistry/registries/acrfastfoodpostech101]
module.vnet.azurerm_network_security_group.db_nsg: Refreshing state... [id=/subscriptions/de09fe8d-d980-46eb-9e6c-b3b9332b4824/resourceGroups/rg-fastfood-postech/providers/Microsoft.Network/networkSecurityGroups/vnet-fastfood-postech-db-nsg]
module.vnet.azurerm_virtual_network.vnet: Refreshing state... [id=/subscriptions/de09fe8d-d980-46eb-9e6c-b3b9332b4824/resourceGroups/rg-fastfood-postech/providers/Microsoft.Network/virtualNetworks/vnet-fastfood-postech]
azurerm_storage_account.function_storage: Refreshing state... [id=/subscriptions/de09fe8d-d980-46eb-9e6c-b3b9332b4824/resourceGroups/rg-fastfood-postech/providers/Microsoft.Storage/storageAccounts/stfastfoodfunction101]
module.vnet.azurerm_subnet.app_gateway_subnet: Refreshing state... [id=/subscriptions/de09fe8d-d980-46eb-9e6c-b3b9332b4824/resourceGroups/rg-fastfood-postech/providers/Microsoft.Network/virtualNetworks/vnet-fastfood-postech/subnets/vnet-fastfood-postech-appgw-subnet]
module.vnet.azurerm_subnet.app_subnet: Refreshing state... [id=/subscriptions/de09fe8d-d980-46eb-9e6c-b3b9332b4824/resourceGroups/rg-fastfood-postech/providers/Microsoft.Network/virtualNetworks/vnet-fastfood-postech/subnets/vnet-fastfood-postech-app-subnet]
module.vnet.azurerm_subnet.db_subnet: Refreshing state... [id=/subscriptions/de09fe8d-d980-46eb-9e6c-b3b9332b4824/resourceGroups/rg-fastfood-postech/providers/Microsoft.Network/virtualNetworks/vnet-fastfood-postech/subnets/vnet-fastfood-postech-db-subnet]
module.auth_function.azurerm_key_vault_access_policy.function_app: Refreshing state... [id=/subscriptions/de09fe8d-d980-46eb-9e6c-b3b9332b4824/resourceGroups/rg-fastfood-postech-database/providers/Microsoft.KeyVault/vaults/kv-fastfood-postech-db01/objectId/45dbbecc-dbfd-4fec-9532-f671f3d20ccf]
module.auth_function.azurerm_linux_function_app.fastfood_auth_function: Refreshing state... [id=/subscriptions/de09fe8d-d980-46eb-9e6c-b3b9332b4824/resourceGroups/rg-fastfood-postech/providers/Microsoft.Web/sites/fastfood-auth-function-d01]
module.vnet.azurerm_subnet_network_security_group_association.db_nsg_association: Refreshing state... [id=/subscriptions/de09fe8d-d980-46eb-9e6c-b3b9332b4824/resourceGroups/rg-fastfood-postech/providers/Microsoft.Network/virtualNetworks/vnet-fastfood-postech/subnets/vnet-fastfood-postech-db-subnet]
module.gateway.azurerm_public_ip.app_gateway: Refreshing state... [id=/subscriptions/de09fe8d-d980-46eb-9e6c-b3b9332b4824/resourceGroups/rg-fastfood-postech/providers/Microsoft.Network/publicIPAddresses/agw-fastfood-postech-pip]
module.kubernetes.azurerm_kubernetes_cluster.aks: Refreshing state... [id=/subscriptions/de09fe8d-d980-46eb-9e6c-b3b9332b4824/resourceGroups/rg-fastfood-postech/providers/Microsoft.ContainerService/managedClusters/aks-fastfood-postech]
module.kubernetes.azurerm_role_assignment.aks_subnet: Refreshing state... [id=/subscriptions/de09fe8d-d980-46eb-9e6c-b3b9332b4824/resourceGroups/rg-fastfood-postech/providers/Microsoft.Network/virtualNetworks/vnet-fastfood-postech/subnets/vnet-fastfood-postech-app-subnet/providers/Microsoft.Authorization/roleAssignments/4e29b961-db0f-d7e7-8b8c-e3514987fbea]
module.gateway.azurerm_application_gateway.main: Refreshing state... [id=/subscriptions/de09fe8d-d980-46eb-9e6c-b3b9332b4824/resourceGroups/rg-fastfood-postech/providers/Microsoft.Network/applicationGateways/agw-fastfood-postech]
module.acr.azurerm_container_registry.main: Drift detected (delete)
module.auth_function.azurerm_key_vault_access_policy.function_app: Drift detected (delete)
module.auth_function.azurerm_linux_function_app.fastfood_auth_function: Drift detected (delete)
module.auth_function.azurerm_service_plan.fastfood_service_plan: Drift detected (delete)
module.auth_function.azurerm_user_assigned_identity.func_identity: Drift detected (delete)
module.gateway.azurerm_public_ip.app_gateway: Drift detected (delete)
module.gateway.azurerm_application_gateway.main: Drift detected (delete)
module.kubernetes.azurerm_kubernetes_cluster.aks: Drift detected (delete)
module.kubernetes.azurerm_role_assignment.aks_subnet: Drift detected (delete)
module.vnet.azurerm_subnet.app_subnet: Drift detected (delete)
module.vnet.azurerm_subnet.db_subnet: Drift detected (delete)
module.vnet.azurerm_subnet_network_security_group_association.db_nsg_association: Drift detected (delete)
module.vnet.azurerm_virtual_network.vnet: Drift detected (delete)
module.vnet.azurerm_network_security_group.db_nsg: Drift detected (delete)
module.vnet.azurerm_subnet.app_gateway_subnet: Drift detected (delete)
azurerm_storage_account.function_storage: Drift detected (delete)
azurerm_resource_group.rg-postech: Drift detected (delete)
╷
│ Warning: Value for undeclared variable
│
│ The root module does not declare a variable named "ARM_TENANT_ID" but a
│ value was found in file
│ "/home/tfc-agent/.tfc-agent/component/terraform/runs/run-CApV1o3DNmeMG9Sj/terraform.tfvars".
│ If you meant to use this value, add a "variable" block to the
│ configuration.
│
│ To silence these warnings, use TF_VAR_... environment variables to provide
│ certain "global" settings to all configurations in your organization. To
│ reduce the verbosity of these warnings, use the -compact-warnings option.
╵
╷
│ Warning: Value for undeclared variable
│
│ The root module does not declare a variable named "ARM_CLIENT_SECRET" but a
│ value was found in file
│ "/home/tfc-agent/.tfc-agent/component/terraform/runs/run-CApV1o3DNmeMG9Sj/terraform.tfvars".
│ If you meant to use this value, add a "variable" block to the
│ configuration.
│
│ To silence these warnings, use TF_VAR_... environment variables to provide
│ certain "global" settings to all configurations in your organization. To
│ reduce the verbosity of these warnings, use the -compact-warnings option.
╵
╷
│ Warning: Values for undeclared variables
│
│ In addition to the other similar warnings shown, 2 other variable(s)
│ defined without being declared.
╵

Note: Objects have changed outside of Terraform

Terraform detected the following changes made outside of Terraform since the
last "terraform apply" which may have affected this plan:

  # azurerm_resource_group.rg-postech has been deleted
  - resource "azurerm_resource_group" "rg-postech" {
      - id         = "/subscriptions/de09fe8d-d980-46eb-9e6c-b3b9332b4824/resourceGroups/rg-fastfood-postech" -> null
      - location   = "canadacentral" -> null
      - name       = "rg-fastfood-postech" -> null
        tags       = {
            "Course"      = "PosGraduacao-ArquiteturaSoftware"
            "Environment" = "Development"
            "Project"     = "SOAT-FastFood"
            "Purpose"     = "Learning"
        }
        # (1 unchanged attribute hidden)
    }

  # azurerm_storage_account.function_storage has been deleted
  - resource "azurerm_storage_account" "function_storage" {
        id                                 = "/subscriptions/de09fe8d-d980-46eb-9e6c-b3b9332b4824/resourceGroups/rg-fastfood-postech/providers/Microsoft.Storage/storageAccounts/stfastfoodfunction101"
      - name                               = "stfastfoodfunction101" -> null
      - primary_access_key                 = (sensitive value) -> null
        tags                               = {
            "Course"      = "PosGraduacao-ArquiteturaSoftware"
            "CreatedBy"   = "Terraform"
            "Environment" = "dev"
            "Project"     = "FastFood-System"
            "Purpose"     = "Function Storage"
        }
        # (96 unchanged attributes hidden)

        # (3 unchanged blocks hidden)
    }

  # module.acr.azurerm_container_registry.main has been deleted
  - resource "azurerm_container_registry" "main" {
      - admin_password                = (sensitive value) -> null
      - admin_username                = "acrfastfoodpostech101" -> null
      - id                            = "/subscriptions/de09fe8d-d980-46eb-9e6c-b3b9332b4824/resourceGroups/rg-fastfood-postech/providers/Microsoft.ContainerRegistry/registries/acrfastfoodpostech101" -> null
      - location                      = "canadacentral" -> null
      - login_server                  = "acrfastfoodpostech101.azurecr.io" -> null
      - name                          = "acrfastfoodpostech101" -> null
      - resource_group_name           = "rg-fastfood-postech" -> null
      - sku                           = "Basic" -> null
        tags                          = {
            "Course"      = "PosGraduacao-ArquiteturaSoftware"
            "CreatedBy"   = "Terraform"
            "Environment" = "dev"
            "Module"      = "ACR"
            "Project"     = "FastFood-System"
            "Purpose"     = "Learning"
        }
        # (13 unchanged attributes hidden)
    }

  # module.auth_function.azurerm_linux_function_app.fastfood_auth_function has been deleted
  - resource "azurerm_linux_function_app" "fastfood_auth_function" {
      - default_hostname                               = "fastfood-auth-function-d01.azurewebsites.net" -> null
        id                                             = "/subscriptions/de09fe8d-d980-46eb-9e6c-b3b9332b4824/resourceGroups/rg-fastfood-postech/providers/Microsoft.Web/sites/fastfood-auth-function-d01"
      - name                                           = "fastfood-auth-function-d01" -> null
      # Warning: this attribute value will no longer be marked as sensitive
      # after applying this change. The value is unchanged.
      ~ site_credential                                = (sensitive value)
        tags                                           = {
            "Course"      = "PosGraduacao-ArquiteturaSoftware"
            "CreatedBy"   = "Terraform"
            "Environment" = "dev"
            "Module"      = "AuthFunction"
            "Project"     = "FastFood-System"
            "Purpose"     = "Learning"
        }
        # (32 unchanged attributes hidden)

      - site_config {
            # (33 unchanged attributes hidden)

          - application_stack {
              - dotnet_version              = "8.0" -> null
                # (6 unchanged attributes hidden)
            }
        }

        # (1 unchanged block hidden)
    }

  # module.auth_function.azurerm_service_plan.fastfood_service_plan has been deleted
  - resource "azurerm_service_plan" "fastfood_service_plan" {
      - id                              = "/subscriptions/de09fe8d-d980-46eb-9e6c-b3b9332b4824/resourceGroups/rg-fastfood-postech/providers/Microsoft.Web/serverFarms/fastfood-app-service-plan" -> null
        name                            = "fastfood-app-service-plan"
        tags                            = {}
        # (12 unchanged attributes hidden)
    }

  # module.auth_function.azurerm_user_assigned_identity.func_identity has been deleted
  - resource "azurerm_user_assigned_identity" "func_identity" {
      - id                  = "/subscriptions/de09fe8d-d980-46eb-9e6c-b3b9332b4824/resourceGroups/rg-fastfood-postech/providers/Microsoft.ManagedIdentity/userAssignedIdentities/func-identity" -> null
        name                = "func-identity"
      - principal_id        = "45dbbecc-dbfd-4fec-9532-f671f3d20ccf" -> null
        tags                = {}
        # (4 unchanged attributes hidden)
    }

  # module.gateway.azurerm_application_gateway.main has been deleted
  - resource "azurerm_application_gateway" "main" {
      - id                                = "/subscriptions/de09fe8d-d980-46eb-9e6c-b3b9332b4824/resourceGroups/rg-fastfood-postech/providers/Microsoft.Network/applicationGateways/agw-fastfood-postech" -> null
      - name                              = "agw-fastfood-postech" -> null
        tags                              = {
            "Course"      = "PosGraduacao-ArquiteturaSoftware"
            "CreatedBy"   = "Terraform"
            "Environment" = "dev"
            "Module"      = "ApplicationGateway"
            "Project"     = "FastFood-System"
            "Purpose"     = "Learning"
        }
        # (8 unchanged attributes hidden)

        # (12 unchanged blocks hidden)
    }

  # module.gateway.azurerm_public_ip.app_gateway has been deleted
  - resource "azurerm_public_ip" "app_gateway" {
      - id                      = "/subscriptions/de09fe8d-d980-46eb-9e6c-b3b9332b4824/resourceGroups/rg-fastfood-postech/providers/Microsoft.Network/publicIPAddresses/agw-fastfood-postech-pip" -> null
      - ip_address              = "52.156.14.252" -> null
        name                    = "agw-fastfood-postech-pip"
        tags                    = {
            "Course"      = "PosGraduacao-ArquiteturaSoftware"
            "CreatedBy"   = "Terraform"
            "Environment" = "dev"
            "Module"      = "ApplicationGateway"
            "Project"     = "FastFood-System"
            "Purpose"     = "Learning"
        }
        # (11 unchanged attributes hidden)
    }

  # module.kubernetes.azurerm_kubernetes_cluster.aks has been deleted
  - resource "azurerm_kubernetes_cluster" "aks" {
      - fqdn                                = "fastfood-postech-j60ygqbj.hcp.canadacentral.azmk8s.io" -> null
      - id                                  = "/subscriptions/de09fe8d-d980-46eb-9e6c-b3b9332b4824/resourceGroups/rg-fastfood-postech/providers/Microsoft.ContainerService/managedClusters/aks-fastfood-postech" -> null
      - kube_config_raw                     = (sensitive value) -> null
      - name                                = "aks-fastfood-postech" -> null
      - node_resource_group                 = "MC_rg-fastfood-postech_aks-fastfood-postech_canadacentral" -> null
        tags                                = {
            "Course"      = "PosGraduacao-ArquiteturaSoftware"
            "CreatedBy"   = "Terraform"
            "Environment" = "dev"
            "Module"      = "AKS"
            "Project"     = "FastFood-System"
            "Purpose"     = "Learning"
        }
        # (29 unchanged attributes hidden)

      - identity {
          - principal_id = "c931d6d2-79ee-4cf6-849f-f65daa6361cc" -> null
          - tenant_id    = "11dbbfe2-89b8-4549-be10-cec364e59551" -> null
          - type         = "SystemAssigned" -> null
            # (1 unchanged attribute hidden)
        }

        # (4 unchanged blocks hidden)
    }

  # module.vnet.azurerm_network_security_group.db_nsg has been deleted
  - resource "azurerm_network_security_group" "db_nsg" {
      - id                  = "/subscriptions/de09fe8d-d980-46eb-9e6c-b3b9332b4824/resourceGroups/rg-fastfood-postech/providers/Microsoft.Network/networkSecurityGroups/vnet-fastfood-postech-db-nsg" -> null
        name                = "vnet-fastfood-postech-db-nsg"
        tags                = {
            "Course"      = "PosGraduacao-ArquiteturaSoftware"
            "CreatedBy"   = "Terraform"
            "Environment" = "dev"
            "Module"      = "VNet"
            "Project"     = "FastFood-System"
            "Purpose"     = "Database Subnet"
            "Type"        = "Network Security Group"
        }
        # (3 unchanged attributes hidden)
    }

  # module.vnet.azurerm_subnet.app_gateway_subnet has been deleted
  - resource "azurerm_subnet" "app_gateway_subnet" {
      - id                                            = "/subscriptions/de09fe8d-d980-46eb-9e6c-b3b9332b4824/resourceGroups/rg-fastfood-postech/providers/Microsoft.Network/virtualNetworks/vnet-fastfood-postech/subnets/vnet-fastfood-postech-appgw-subnet" -> null
        name                                          = "vnet-fastfood-postech-appgw-subnet"
        # (9 unchanged attributes hidden)
    }

  # module.vnet.azurerm_subnet.app_subnet has been deleted
  - resource "azurerm_subnet" "app_subnet" {
      - address_prefixes                              = [
          - "10.0.1.0/24",
        ] -> null
      - id                                            = "/subscriptions/de09fe8d-d980-46eb-9e6c-b3b9332b4824/resourceGroups/rg-fastfood-postech/providers/Microsoft.Network/virtualNetworks/vnet-fastfood-postech/subnets/vnet-fastfood-postech-app-subnet" -> null
      - name                                          = "vnet-fastfood-postech-app-subnet" -> null
        # (8 unchanged attributes hidden)
    }

  # module.vnet.azurerm_subnet.db_subnet has been deleted
  - resource "azurerm_subnet" "db_subnet" {
      - address_prefixes                              = [
          - "10.0.2.0/24",
        ] -> null
      - id                                            = "/subscriptions/de09fe8d-d980-46eb-9e6c-b3b9332b4824/resourceGroups/rg-fastfood-postech/providers/Microsoft.Network/virtualNetworks/vnet-fastfood-postech/subnets/vnet-fastfood-postech-db-subnet" -> null
      - name                                          = "vnet-fastfood-postech-db-subnet" -> null
        # (8 unchanged attributes hidden)
    }

  # module.vnet.azurerm_virtual_network.vnet has been deleted
  - resource "azurerm_virtual_network" "vnet" {
      - address_space                  = [
          - "10.0.0.0/16",
        ] -> null
      - id                             = "/subscriptions/de09fe8d-d980-46eb-9e6c-b3b9332b4824/resourceGroups/rg-fastfood-postech/providers/Microsoft.Network/virtualNetworks/vnet-fastfood-postech" -> null
      - location                       = "canadacentral" -> null
      - name                           = "vnet-fastfood-postech" -> null
        tags                           = {
            "Course"      = "PosGraduacao-ArquiteturaSoftware"
            "CreatedBy"   = "Terraform Module"
            "Environment" = "dev"
            "Module"      = "VNet"
            "Project"     = "FastFood-System"
            "Purpose"     = "Learning"
            "Type"        = "Virtual Network"
        }
        # (8 unchanged attributes hidden)
    }


Unless you have made equivalent changes to your configuration, or ignored the
relevant attributes using ignore_changes, the following plan may include
actions to undo or respond to these changes.

─────────────────────────────────────────────────────────────────────────────

Terraform used the selected providers to generate the following execution
plan. Resource actions are indicated with the following symbols:
  + create
 <= read (data resources)

Terraform will perform the following actions:

  # azurerm_resource_group.rg-postech will be created
  + resource "azurerm_resource_group" "rg-postech" {
      + id       = (known after apply)
      + location = "canadacentral"
      + name     = "rg-fastfood-postech"
      + tags     = {
          + "Course"      = "PosGraduacao-ArquiteturaSoftware"
          + "Environment" = "Development"
          + "Project"     = "SOAT-FastFood"
          + "Purpose"     = "Learning"
        }
    }

  # azurerm_storage_account.function_storage will be created
  + resource "azurerm_storage_account" "function_storage" {
      + access_tier                        = (known after apply)
      + account_kind                       = "StorageV2"
      + account_replication_type           = "LRS"
      + account_tier                       = "Standard"
      + allow_nested_items_to_be_public    = true
      + cross_tenant_replication_enabled   = false
      + default_to_oauth_authentication    = false
      + dns_endpoint_type                  = "Standard"
      + https_traffic_only_enabled         = true
      + id                                 = (known after apply)
      + infrastructure_encryption_enabled  = false
      + is_hns_enabled                     = false
      + large_file_share_enabled           = (known after apply)
      + local_user_enabled                 = true
      + location                           = "canadacentral"
      + min_tls_version                    = "TLS1_2"
      + name                               = "stfastfoodfunction"
      + nfsv3_enabled                      = false
      + primary_access_key                 = (sensitive value)
      + primary_blob_connection_string     = (sensitive value)
      + primary_blob_endpoint              = (known after apply)
      + primary_blob_host                  = (known after apply)
      + primary_blob_internet_endpoint     = (known after apply)
      + primary_blob_internet_host         = (known after apply)
      + primary_blob_microsoft_endpoint    = (known after apply)
      + primary_blob_microsoft_host        = (known after apply)
      + primary_connection_string          = (sensitive value)
      + primary_dfs_endpoint               = (known after apply)
      + primary_dfs_host                   = (known after apply)
      + primary_dfs_internet_endpoint      = (known after apply)
      + primary_dfs_internet_host          = (known after apply)
      + primary_dfs_microsoft_endpoint     = (known after apply)
      + primary_dfs_microsoft_host         = (known after apply)
      + primary_file_endpoint              = (known after apply)
      + primary_file_host                  = (known after apply)
      + primary_file_internet_endpoint     = (known after apply)
      + primary_file_internet_host         = (known after apply)
      + primary_file_microsoft_endpoint    = (known after apply)
      + primary_file_microsoft_host        = (known after apply)
      + primary_location                   = (known after apply)
      + primary_queue_endpoint             = (known after apply)
      + primary_queue_host                 = (known after apply)
      + primary_queue_microsoft_endpoint   = (known after apply)
      + primary_queue_microsoft_host       = (known after apply)
      + primary_table_endpoint             = (known after apply)
      + primary_table_host                 = (known after apply)
      + primary_table_microsoft_endpoint   = (known after apply)
      + primary_table_microsoft_host       = (known after apply)
      + primary_web_endpoint               = (known after apply)
      + primary_web_host                   = (known after apply)
      + primary_web_internet_endpoint      = (known after apply)
      + primary_web_internet_host          = (known after apply)
      + primary_web_microsoft_endpoint     = (known after apply)
      + primary_web_microsoft_host         = (known after apply)
      + public_network_access_enabled      = true
      + queue_encryption_key_type          = "Service"
      + resource_group_name                = "rg-fastfood-postech"
      + secondary_access_key               = (sensitive value)
      + secondary_blob_connection_string   = (sensitive value)
      + secondary_blob_endpoint            = (known after apply)
      + secondary_blob_host                = (known after apply)
      + secondary_blob_internet_endpoint   = (known after apply)
      + secondary_blob_internet_host       = (known after apply)
      + secondary_blob_microsoft_endpoint  = (known after apply)
      + secondary_blob_microsoft_host      = (known after apply)
      + secondary_connection_string        = (sensitive value)
      + secondary_dfs_endpoint             = (known after apply)
      + secondary_dfs_host                 = (known after apply)
      + secondary_dfs_internet_endpoint    = (known after apply)
      + secondary_dfs_internet_host        = (known after apply)
      + secondary_dfs_microsoft_endpoint   = (known after apply)
      + secondary_dfs_microsoft_host       = (known after apply)
      + secondary_file_endpoint            = (known after apply)
      + secondary_file_host                = (known after apply)
      + secondary_file_internet_endpoint   = (known after apply)
      + secondary_file_internet_host       = (known after apply)
      + secondary_file_microsoft_endpoint  = (known after apply)
      + secondary_file_microsoft_host      = (known after apply)
      + secondary_location                 = (known after apply)
      + secondary_queue_endpoint           = (known after apply)
      + secondary_queue_host               = (known after apply)
      + secondary_queue_microsoft_endpoint = (known after apply)
      + secondary_queue_microsoft_host     = (known after apply)
      + secondary_table_endpoint           = (known after apply)
      + secondary_table_host               = (known after apply)
      + secondary_table_microsoft_endpoint = (known after apply)
      + secondary_table_microsoft_host     = (known after apply)
      + secondary_web_endpoint             = (known after apply)
      + secondary_web_host                 = (known after apply)
      + secondary_web_internet_endpoint    = (known after apply)
      + secondary_web_internet_host        = (known after apply)
      + secondary_web_microsoft_endpoint   = (known after apply)
      + secondary_web_microsoft_host       = (known after apply)
      + sftp_enabled                       = false
      + shared_access_key_enabled          = true
      + table_encryption_key_type          = "Service"
      + tags                               = {
          + "Course"      = "PosGraduacao-ArquiteturaSoftware"
          + "CreatedBy"   = "Terraform"
          + "Environment" = "dev"
          + "Project"     = "FastFood-System"
          + "Purpose"     = "Function Storage"
        }

      + blob_properties (known after apply)

      + network_rules (known after apply)

      + queue_properties (known after apply)

      + routing (known after apply)

      + share_properties (known after apply)

      + static_website (known after apply)
    }

  # module.acr.azurerm_container_registry.main will be created
  + resource "azurerm_container_registry" "main" {
      + admin_enabled                 = true
      + admin_password                = (sensitive value)
      + admin_username                = (known after apply)
      + data_endpoint_host_names      = (known after apply)
      + encryption                    = (known after apply)
      + export_policy_enabled         = true
      + id                            = (known after apply)
      + location                      = "canadacentral"
      + login_server                  = (known after apply)
      + name                          = "acrfastfoodpostech"
      + network_rule_bypass_option    = "AzureServices"
      + network_rule_set              = (known after apply)
      + public_network_access_enabled = true
      + resource_group_name           = "rg-fastfood-postech"
      + sku                           = "Basic"
      + tags                          = {
          + "Course"      = "PosGraduacao-ArquiteturaSoftware"
          + "CreatedBy"   = "Terraform"
          + "Environment" = "dev"
          + "Module"      = "ACR"
          + "Project"     = "FastFood-System"
          + "Purpose"     = "Learning"
        }
      + trust_policy_enabled          = false
      + zone_redundancy_enabled       = false
    }

  # module.auth_function.data.azurerm_client_config.current will be read during apply
 <= data "azurerm_client_config" "current" {
      + client_id       = (known after apply)
      + id              = (known after apply)
      + object_id       = (known after apply)
      + subscription_id = (known after apply)
      + tenant_id       = (known after apply)
    }

  # module.auth_function.azurerm_key_vault_access_policy.function_app will be created
  + resource "azurerm_key_vault_access_policy" "function_app" {
      + id                 = (known after apply)
      + key_vault_id       = "/subscriptions/de09fe8d-d980-46eb-9e6c-b3b9332b4824/resourceGroups/rg-fastfood-postech-database/providers/Microsoft.KeyVault/vaults/kv-fastfood-postech"
      + object_id          = (known after apply)
      + secret_permissions = [
          + "Get",
          + "List",
        ]
      + tenant_id          = (known after apply)
    }

  # module.auth_function.azurerm_linux_function_app.fastfood_auth_function will be created
  + resource "azurerm_linux_function_app" "fastfood_auth_function" {
      + app_settings                                   = {
          + "AZURE_SQL_CONNECTIONSTRING" = "@Microsoft.KeyVault(SecretUri=https://kv-fastfood-postech.vault.azure.net/secrets/database-connection-string/5dec0e2808844951afcec45965485ac5)"
          + "SALT_KEY_PASSWORD"          = "@Microsoft.KeyVault(SecretUri=https://kv-fastfood-postech.vault.azure.net/secrets/app-salt-key/80b4b3a7217e481abe4fa5c290d4c64a)"
          + "SECRET_KEY_PASSWORD"        = "@Microsoft.KeyVault(SecretUri=https://kv-fastfood-postech.vault.azure.net/secrets/app-secret-key/0187446c1bb44643bda56bf368c78d67)"
        }
      + builtin_logging_enabled                        = true
      + client_certificate_enabled                     = false
      + client_certificate_mode                        = "Optional"
      + content_share_force_disabled                   = false
      + custom_domain_verification_id                  = (sensitive value)
      + daily_memory_time_quota                        = 0
      + default_hostname                               = (known after apply)
      + enabled                                        = true
      + ftp_publish_basic_authentication_enabled       = true
      + functions_extension_version                    = "~4"
      + hosting_environment_id                         = (known after apply)
      + https_only                                     = false
      + id                                             = (known after apply)
      + key_vault_reference_identity_id                = (known after apply)
      + kind                                           = (known after apply)
      + location                                       = "canadacentral"
      + name                                           = "fastfood-auth-function"
      + outbound_ip_address_list                       = (known after apply)
      + outbound_ip_addresses                          = (known after apply)
      + possible_outbound_ip_address_list              = (known after apply)
      + possible_outbound_ip_addresses                 = (known after apply)
      + public_network_access_enabled                  = true
      + resource_group_name                            = "rg-fastfood-postech"
      + service_plan_id                                = (known after apply)
      + site_credential                                = (sensitive value)
      + storage_account_access_key                     = (sensitive value)
      + storage_account_name                           = "stfastfoodfunction"
      + storage_uses_managed_identity                  = false
      + tags                                           = {
          + "Course"      = "PosGraduacao-ArquiteturaSoftware"
          + "CreatedBy"   = "Terraform"
          + "Environment" = "dev"
          + "Module"      = "AuthFunction"
          + "Project"     = "FastFood-System"
          + "Purpose"     = "Learning"
        }
      + virtual_network_backup_restore_enabled         = false
      + vnet_image_pull_enabled                        = false
      + webdeploy_publish_basic_authentication_enabled = true
      + zip_deploy_file                                = (known after apply)

      + identity {
          + identity_ids = (known after apply)
          + principal_id = (known after apply)
          + tenant_id    = (known after apply)
          + type         = "UserAssigned"
        }

      + site_config {
          + always_on                               = (known after apply)
          + app_scale_limit                         = (known after apply)
          + container_registry_use_managed_identity = false
          + default_documents                       = (known after apply)
          + detailed_error_logging_enabled          = (known after apply)
          + elastic_instance_minimum                = (known after apply)
          + ftps_state                              = "Disabled"
          + health_check_eviction_time_in_min       = 2
          + health_check_path                       = "/health"
          + http2_enabled                           = false
          + ip_restriction_default_action           = "Allow"
          + linux_fx_version                        = (known after apply)
          + load_balancing_mode                     = "LeastRequests"
          + managed_pipeline_mode                   = "Integrated"
          + minimum_tls_version                     = "1.2"
          + pre_warmed_instance_count               = (known after apply)
          + remote_debugging_enabled                = false
          + remote_debugging_version                = (known after apply)
          + scm_ip_restriction_default_action       = "Allow"
          + scm_minimum_tls_version                 = "1.2"
          + scm_type                                = (known after apply)
          + scm_use_main_ip_restriction             = false
          + use_32_bit_worker                       = false
          + vnet_route_all_enabled                  = false
          + websockets_enabled                      = false
          + worker_count                            = (known after apply)

          + application_stack {
              + dotnet_version              = "8.0"
              + use_dotnet_isolated_runtime = true
            }
        }
    }

  # module.auth_function.azurerm_service_plan.fastfood_service_plan will be created
  + resource "azurerm_service_plan" "fastfood_service_plan" {
      + id                              = (known after apply)
      + kind                            = (known after apply)
      + location                        = "canadacentral"
      + maximum_elastic_worker_count    = (known after apply)
      + name                            = "fastfood-app-service-plan"
      + os_type                         = "Linux"
      + per_site_scaling_enabled        = false
      + premium_plan_auto_scale_enabled = false
      + reserved                        = (known after apply)
      + resource_group_name             = "rg-fastfood-postech"
      + sku_name                        = "Y1"
      + worker_count                    = (known after apply)
    }

  # module.auth_function.azurerm_user_assigned_identity.func_identity will be created
  + resource "azurerm_user_assigned_identity" "func_identity" {
      + client_id           = (known after apply)
      + id                  = (known after apply)
      + location            = "canadacentral"
      + name                = "func-identity"
      + principal_id        = (known after apply)
      + resource_group_name = "rg-fastfood-postech"
      + tenant_id           = (known after apply)
    }

  # module.gateway.azurerm_application_gateway.main will be created
  + resource "azurerm_application_gateway" "main" {
      + id                          = (known after apply)
      + location                    = "canadacentral"
      + name                        = "agw-fastfood-postech"
      + private_endpoint_connection = (known after apply)
      + resource_group_name         = "rg-fastfood-postech"
      + tags                        = {
          + "Course"      = "PosGraduacao-ArquiteturaSoftware"
          + "CreatedBy"   = "Terraform"
          + "Environment" = "dev"
          + "Module"      = "ApplicationGateway"
          + "Project"     = "FastFood-System"
          + "Purpose"     = "Learning"
        }

      + backend_address_pool {
          + fqdns        = (known after apply)
          + id           = (known after apply)
          + ip_addresses = []
          + name         = "auth-function-backend-pool"
        }
      + backend_address_pool {
          + fqdns        = []
          + id           = (known after apply)
          + ip_addresses = []
          + name         = "backend-pool"
        }

      + backend_http_settings {
          + cookie_based_affinity               = "Disabled"
          + id                                  = (known after apply)
          + name                                = "auth-function-http-settings"
          + path                                = "/"
          + pick_host_name_from_backend_address = true
          + port                                = 443
          + probe_id                            = (known after apply)
          + protocol                            = "Https"
          + request_timeout                     = 60
          + trusted_root_certificate_names      = []
            # (3 unchanged attributes hidden)
        }
      + backend_http_settings {
          + cookie_based_affinity               = "Disabled"
          + id                                  = (known after apply)
          + name                                = "backend-http-settings"
          + path                                = "/"
          + pick_host_name_from_backend_address = false
          + port                                = 80
          + probe_id                            = (known after apply)
          + protocol                            = "Http"
          + request_timeout                     = 60
          + trusted_root_certificate_names      = []
            # (3 unchanged attributes hidden)
        }

      + frontend_ip_configuration {
          + id                            = (known after apply)
          + name                          = "frontend-ip-config"
          + private_ip_address            = (known after apply)
          + private_ip_address_allocation = "Dynamic"
          + private_link_configuration_id = (known after apply)
          + public_ip_address_id          = (known after apply)
        }

      + frontend_port {
          + id   = (known after apply)
          + name = "frontend-port-80"
          + port = 80
        }

      + gateway_ip_configuration {
          + id        = (known after apply)
          + name      = "gateway-ip-configuration"
          + subnet_id = (known after apply)
        }

      + http_listener {
          + frontend_ip_configuration_id   = (known after apply)
          + frontend_ip_configuration_name = "frontend-ip-config"
          + frontend_port_id               = (known after apply)
          + frontend_port_name             = "frontend-port-80"
          + host_names                     = []
          + id                             = (known after apply)
          + name                           = "http-listener"
          + protocol                       = "Http"
          + ssl_certificate_id             = (known after apply)
          + ssl_profile_id                 = (known after apply)
            # (4 unchanged attributes hidden)
        }

      + request_routing_rule {
          + backend_address_pool_id     = (known after apply)
          + backend_http_settings_id    = (known after apply)
          + http_listener_id            = (known after apply)
          + http_listener_name          = "http-listener"
          + id                          = (known after apply)
          + name                        = "routing-rule"
          + priority                    = 100
          + redirect_configuration_id   = (known after apply)
          + rewrite_rule_set_id         = (known after apply)
          + rule_type                   = "PathBasedRouting"
          + url_path_map_id             = (known after apply)
          + url_path_map_name           = "url-path-map"
            # (4 unchanged attributes hidden)
        }

      + sku {
          + capacity = 1
          + name     = "Standard_v2"
          + tier     = "Standard_v2"
        }

      + ssl_policy {
          + policy_name = "AppGwSslPolicy20220101"
          + policy_type = "Predefined"
        }

      + url_path_map {
          + default_backend_address_pool_id    = (known after apply)
          + default_backend_address_pool_name  = "auth-function-backend-pool"
          + default_backend_http_settings_id   = (known after apply)
          + default_backend_http_settings_name = "auth-function-http-settings"
          + default_redirect_configuration_id  = (known after apply)
          + default_rewrite_rule_set_id        = (known after apply)
          + id                                 = (known after apply)
          + name                               = "url-path-map"

          + path_rule {
              + backend_address_pool_id    = (known after apply)
              + backend_address_pool_name  = "auth-function-backend-pool"
              + backend_http_settings_id   = (known after apply)
              + backend_http_settings_name = "auth-function-http-settings"
              + id                         = (known after apply)
              + name                       = "function-path"
              + paths                      = [
                  + "/*",
                ]
              + redirect_configuration_id  = (known after apply)
              + rewrite_rule_set_id        = (known after apply)
            }
        }
    }

  # module.gateway.azurerm_public_ip.app_gateway will be created
  + resource "azurerm_public_ip" "app_gateway" {
      + allocation_method       = "Static"
      + ddos_protection_mode    = "VirtualNetworkInherited"
      + fqdn                    = (known after apply)
      + id                      = (known after apply)
      + idle_timeout_in_minutes = 4
      + ip_address              = (known after apply)
      + ip_version              = "IPv4"
      + location                = "canadacentral"
      + name                    = "agw-fastfood-postech-pip"
      + resource_group_name     = "rg-fastfood-postech"
      + sku                     = "Standard"
      + sku_tier                = "Regional"
      + tags                    = {
          + "Course"      = "PosGraduacao-ArquiteturaSoftware"
          + "CreatedBy"   = "Terraform"
          + "Environment" = "dev"
          + "Module"      = "ApplicationGateway"
          + "Project"     = "FastFood-System"
          + "Purpose"     = "Learning"
        }
    }

  # module.kubernetes.azurerm_kubernetes_cluster.aks will be created
  + resource "azurerm_kubernetes_cluster" "aks" {
      + current_kubernetes_version          = (known after apply)
      + dns_prefix                          = "fastfood-postech"
      + fqdn                                = (known after apply)
      + http_application_routing_zone_name  = (known after apply)
      + id                                  = (known after apply)
      + kube_admin_config                   = (sensitive value)
      + kube_admin_config_raw               = (sensitive value)
      + kube_config                         = (sensitive value)
      + kube_config_raw                     = (sensitive value)
      + kubernetes_version                  = (known after apply)
      + location                            = "canadacentral"
      + name                                = "aks-fastfood-postech"
      + node_os_upgrade_channel             = "NodeImage"
      + node_resource_group                 = (known after apply)
      + node_resource_group_id              = (known after apply)
      + oidc_issuer_url                     = (known after apply)
      + portal_fqdn                         = (known after apply)
      + private_cluster_enabled             = false
      + private_cluster_public_fqdn_enabled = false
      + private_dns_zone_id                 = (known after apply)
      + private_fqdn                        = (known after apply)
      + resource_group_name                 = "rg-fastfood-postech"
      + role_based_access_control_enabled   = true
      + run_command_enabled                 = true
      + sku_tier                            = "Free"
      + support_plan                        = "KubernetesOfficial"
      + tags                                = {
          + "Course"      = "PosGraduacao-ArquiteturaSoftware"
          + "CreatedBy"   = "Terraform"
          + "Environment" = "dev"
          + "Module"      = "AKS"
          + "Project"     = "FastFood-System"
          + "Purpose"     = "Learning"
        }
      + workload_identity_enabled           = false

      + auto_scaler_profile (known after apply)

      + bootstrap_profile (known after apply)

      + default_node_pool {
          + kubelet_disk_type    = (known after apply)
          + max_pods             = (known after apply)
          + name                 = "default"
          + node_count           = 1
          + node_labels          = (known after apply)
          + orchestrator_version = (known after apply)
          + os_disk_size_gb      = (known after apply)
          + os_disk_type         = "Managed"
          + os_sku               = (known after apply)
          + scale_down_mode      = "Delete"
          + type                 = "VirtualMachineScaleSets"
          + ultra_ssd_enabled    = false
          + vm_size              = "Standard_E2s_v3"
          + vnet_subnet_id       = (known after apply)
          + workload_runtime     = (known after apply)
        }

      + identity {
          + principal_id = (known after apply)
          + tenant_id    = (known after apply)
          + type         = "SystemAssigned"
        }

      + kubelet_identity (known after apply)

      + network_profile {
          + dns_service_ip     = "10.240.0.10"
          + ip_versions        = (known after apply)
          + load_balancer_sku  = "standard"
          + network_data_plane = "azure"
          + network_mode       = (known after apply)
          + network_plugin     = "kubenet"
          + network_policy     = (known after apply)
          + outbound_type      = "loadBalancer"
          + pod_cidr           = "10.244.0.0/16"
          + pod_cidrs          = (known after apply)
          + service_cidr       = "10.240.0.0/16"
          + service_cidrs      = (known after apply)

          + load_balancer_profile (known after apply)

          + nat_gateway_profile (known after apply)
        }

      + windows_profile (known after apply)
    }

  # module.kubernetes.azurerm_role_assignment.aks_subnet will be created
  + resource "azurerm_role_assignment" "aks_subnet" {
      + condition_version                = (known after apply)
      + id                               = (known after apply)
      + name                             = (known after apply)
      + principal_id                     = (known after apply)
      + principal_type                   = (known after apply)
      + role_definition_id               = (known after apply)
      + role_definition_name             = "Network Contributor"
      + scope                            = (known after apply)
      + skip_service_principal_aad_check = (known after apply)
    }

  # module.vnet.azurerm_network_security_group.db_nsg will be created
  + resource "azurerm_network_security_group" "db_nsg" {
      + id                  = (known after apply)
      + location            = "canadacentral"
      + name                = "vnet-fastfood-postech-db-nsg"
      + resource_group_name = "rg-fastfood-postech"
      + security_rule       = [
          + {
              + access                                     = "Allow"
              + destination_address_prefix                 = "*"
              + destination_address_prefixes               = []
              + destination_application_security_group_ids = []
              + destination_port_range                     = "5432"
              + destination_port_ranges                    = []
              + direction                                  = "Inbound"
              + name                                       = "Allow-PostgreSQL-from-App"
              + priority                                   = 1001
              + protocol                                   = "Tcp"
              + source_address_prefixes                    = [
                  + "10.0.1.0/24",
                ]
              + source_application_security_group_ids      = []
              + source_port_range                          = "*"
              + source_port_ranges                         = []
                # (2 unchanged attributes hidden)
            },
          + {
              + access                                     = "Deny"
              + destination_address_prefix                 = "*"
              + destination_address_prefixes               = []
              + destination_application_security_group_ids = []
              + destination_port_range                     = "*"
              + destination_port_ranges                    = []
              + direction                                  = "Inbound"
              + name                                       = "Deny-All-Inbound"
              + priority                                   = 4000
              + protocol                                   = "*"
              + source_address_prefix                      = "*"
              + source_address_prefixes                    = []
              + source_application_security_group_ids      = []
              + source_port_range                          = "*"
              + source_port_ranges                         = []
                # (1 unchanged attribute hidden)
            },
        ]
      + tags                = {
          + "Course"      = "PosGraduacao-ArquiteturaSoftware"
          + "CreatedBy"   = "Terraform"
          + "Environment" = "dev"
          + "Module"      = "VNet"
          + "Project"     = "FastFood-System"
          + "Purpose"     = "Database Subnet"
          + "Type"        = "Network Security Group"
        }
    }

  # module.vnet.azurerm_subnet.app_gateway_subnet will be created
  + resource "azurerm_subnet" "app_gateway_subnet" {
      + address_prefixes                              = [
          + "10.0.3.0/24",
        ]
      + default_outbound_access_enabled               = true
      + id                                            = (known after apply)
      + name                                          = "vnet-fastfood-postech-appgw-subnet"
      + private_endpoint_network_policies             = "Disabled"
      + private_link_service_network_policies_enabled = true
      + resource_group_name                           = "rg-fastfood-postech"
      + virtual_network_name                          = "vnet-fastfood-postech"
    }

  # module.vnet.azurerm_subnet.app_subnet will be created
  + resource "azurerm_subnet" "app_subnet" {
      + address_prefixes                              = [
          + "10.0.1.0/24",
        ]
      + default_outbound_access_enabled               = true
      + id                                            = (known after apply)
      + name                                          = "vnet-fastfood-postech-app-subnet"
      + private_endpoint_network_policies             = "Disabled"
      + private_link_service_network_policies_enabled = true
      + resource_group_name                           = "rg-fastfood-postech"
      + virtual_network_name                          = "vnet-fastfood-postech"
    }

  # module.vnet.azurerm_subnet.db_subnet will be created
  + resource "azurerm_subnet" "db_subnet" {
      + address_prefixes                              = [
          + "10.0.2.0/24",
        ]
      + default_outbound_access_enabled               = true
      + id                                            = (known after apply)
      + name                                          = "vnet-fastfood-postech-db-subnet"
      + private_endpoint_network_policies             = "Disabled"
      + private_link_service_network_policies_enabled = true
      + resource_group_name                           = "rg-fastfood-postech"
      + service_endpoints                             = [
          + "Microsoft.Sql",
          + "Microsoft.Storage",
        ]
      + virtual_network_name                          = "vnet-fastfood-postech"
    }

  # module.vnet.azurerm_subnet_network_security_group_association.db_nsg_association will be created
  + resource "azurerm_subnet_network_security_group_association" "db_nsg_association" {
      + id                        = (known after apply)
      + network_security_group_id = (known after apply)
      + subnet_id                 = (known after apply)
    }

  # module.vnet.azurerm_virtual_network.vnet will be created
  + resource "azurerm_virtual_network" "vnet" {
      + address_space                  = [
          + "10.0.0.0/16",
        ]
      + dns_servers                    = (known after apply)
      + guid                           = (known after apply)
      + id                             = (known after apply)
      + location                       = "canadacentral"
      + name                           = "vnet-fastfood-postech"
      + private_endpoint_vnet_policies = "Disabled"
      + resource_group_name            = "rg-fastfood-postech"
      + subnet                         = (known after apply)
      + tags                           = {
          + "Course"      = "PosGraduacao-ArquiteturaSoftware"
          + "CreatedBy"   = "Terraform Module"
          + "Environment" = "dev"
          + "Module"      = "VNet"
          + "Project"     = "FastFood-System"
          + "Purpose"     = "Learning"
          + "Type"        = "Virtual Network"
        }
    }

Plan: 17 to add, 0 to change, 0 to destroy.

Changes to Outputs:
  ~ acr_admin_password      = (sensitive value)
  ~ acr_admin_username      = (sensitive value)
  ~ acr_id                  = "/subscriptions/de09fe8d-d980-46eb-9e6c-b3b9332b4824/resourceGroups/rg-fastfood-postech/providers/Microsoft.ContainerRegistry/registries/acrfastfoodpostech101" -> (known after apply)
  ~ acr_login_server        = "acrfastfoodpostech101.azurecr.io" -> (known after apply)
  ~ acr_name                = "acrfastfoodpostech101" -> "acrfastfoodpostech"
  ~ aks_cluster_fqdn        = "fastfood-postech-j60ygqbj.hcp.canadacentral.azmk8s.io" -> (known after apply)
  ~ aks_cluster_id          = "/subscriptions/de09fe8d-d980-46eb-9e6c-b3b9332b4824/resourceGroups/rg-fastfood-postech/providers/Microsoft.ContainerService/managedClusters/aks-fastfood-postech" -> (known after apply)
  ~ aks_cluster_identity    = {
      ~ principal_id = "c931d6d2-79ee-4cf6-849f-f65daa6361cc" -> (known after apply)
      ~ tenant_id    = "11dbbfe2-89b8-4549-be10-cec364e59551" -> (known after apply)
        # (1 unchanged attribute hidden)
    }
  ~ aks_kube_config         = (sensitive value)
  ~ aks_node_resource_group = "MC_rg-fastfood-postech_aks-fastfood-postech_canadacentral" -> (known after apply)
  + app_gateway_fqdn        = (known after apply)
  ~ app_gateway_id          = "/subscriptions/de09fe8d-d980-46eb-9e6c-b3b9332b4824/resourceGroups/rg-fastfood-postech/providers/Microsoft.Network/applicationGateways/agw-fastfood-postech" -> (known after apply)
  ~ app_gateway_public_ip   = "52.156.14.252" -> (known after apply)
  ~ app_subnet_id           = "/subscriptions/de09fe8d-d980-46eb-9e6c-b3b9332b4824/resourceGroups/rg-fastfood-postech/providers/Microsoft.Network/virtualNetworks/vnet-fastfood-postech/subnets/vnet-fastfood-postech-app-subnet" -> (known after apply)
  ~ db_nsg_id               = "/subscriptions/de09fe8d-d980-46eb-9e6c-b3b9332b4824/resourceGroups/rg-fastfood-postech/providers/Microsoft.Network/networkSecurityGroups/vnet-fastfood-postech-db-nsg" -> (known after apply)
  ~ db_subnet_id            = "/subscriptions/de09fe8d-d980-46eb-9e6c-b3b9332b4824/resourceGroups/rg-fastfood-postech/providers/Microsoft.Network/virtualNetworks/vnet-fastfood-postech/subnets/vnet-fastfood-postech-db-subnet" -> (known after apply)
  ~ infrastructure_summary  = {
      ~ acr            = {
          ~ id           = "/subscriptions/de09fe8d-d980-46eb-9e6c-b3b9332b4824/resourceGroups/rg-fastfood-postech/providers/Microsoft.ContainerRegistry/registries/acrfastfoodpostech101" -> (known after apply)
          ~ login_server = "acrfastfoodpostech101.azurecr.io" -> (known after apply)
          ~ name         = "acrfastfoodpostech101" -> "acrfastfoodpostech"
        }
      ~ gateway        = {
          + fqdn      = (known after apply)
            name      = "agw-fastfood-postech"
          ~ public_ip = "52.156.14.252" -> (known after apply)
        }
      ~ kubernetes     = {
          ~ cluster_fqdn = "fastfood-postech-j60ygqbj.hcp.canadacentral.azmk8s.io" -> (known after apply)
          ~ node_rg      = "MC_rg-fastfood-postech_aks-fastfood-postech_canadacentral" -> (known after apply)
            # (1 unchanged attribute hidden)
        }
      ~ networking     = {
          ~ app_subnet_id     = "/subscriptions/de09fe8d-d980-46eb-9e6c-b3b9332b4824/resourceGroups/rg-fastfood-postech/providers/Microsoft.Network/virtualNetworks/vnet-fastfood-postech/subnets/vnet-fastfood-postech-app-subnet" -> (known after apply)
          ~ db_subnet_id      = "/subscriptions/de09fe8d-d980-46eb-9e6c-b3b9332b4824/resourceGroups/rg-fastfood-postech/providers/Microsoft.Network/virtualNetworks/vnet-fastfood-postech/subnets/vnet-fastfood-postech-db-subnet" -> (known after apply)
          ~ vnet_id           = "/subscriptions/de09fe8d-d980-46eb-9e6c-b3b9332b4824/resourceGroups/rg-fastfood-postech/providers/Microsoft.Network/virtualNetworks/vnet-fastfood-postech" -> (known after apply)
            # (2 unchanged attributes hidden)
        }
        # (1 unchanged attribute hidden)
    }
  ~ resource_group_id       = "/subscriptions/de09fe8d-d980-46eb-9e6c-b3b9332b4824/resourceGroups/rg-fastfood-postech" -> (known after apply)
  ~ vnet_id                 = "/subscriptions/de09fe8d-d980-46eb-9e6c-b3b9332b4824/resourceGroups/rg-fastfood-postech/providers/Microsoft.Network/virtualNetworks/vnet-fastfood-postech" -> (known after apply)
  ~ vnet_info               = {
      ~ id            = "/subscriptions/de09fe8d-d980-46eb-9e6c-b3b9332b4824/resourceGroups/rg-fastfood-postech/providers/Microsoft.Network/virtualNetworks/vnet-fastfood-postech" -> (known after apply)
        name          = "vnet-fastfood-postech"
      ~ subnets       = {
          ~ app     = {
              ~ id               = "/subscriptions/de09fe8d-d980-46eb-9e6c-b3b9332b4824/resourceGroups/rg-fastfood-postech/providers/Microsoft.Network/virtualNetworks/vnet-fastfood-postech/subnets/vnet-fastfood-postech-app-subnet" -> (known after apply)
                name             = "vnet-fastfood-postech-app-subnet"
                # (2 unchanged attributes hidden)
            }
          ~ db      = {
              ~ id               = "/subscriptions/de09fe8d-d980-46eb-9e6c-b3b9332b4824/resourceGroups/rg-fastfood-postech/providers/Microsoft.Network/virtualNetworks/vnet-fastfood-postech/subnets/vnet-fastfood-postech-db-subnet" -> (known after apply)
                name             = "vnet-fastfood-postech-db-subnet"
              ~ nsg_id           = "/subscriptions/de09fe8d-d980-46eb-9e6c-b3b9332b4824/resourceGroups/rg-fastfood-postech/providers/Microsoft.Network/networkSecurityGroups/vnet-fastfood-postech-db-nsg" -> (known after apply)
                # (1 unchanged attribute hidden)
            }
            # (1 unchanged attribute hidden)
        }
        # (2 unchanged attributes hidden)
    }

─────────────────────────────────────────────────────────────────────────────

Note: You didn't use the -out option to save this plan, so Terraform can't
guarantee to take exactly these actions if you run "terraform apply" now.
